
Microsoft Visual Studio Solution File, Format Version 12.00
# Visual Studio Version 17
VisualStudioVersion = 17.1.32228.430
MinimumVisualStudioVersion = 10.0.40219.1
Project("{8BC9CEB8-8B4A-11D0-8D11-00A0C91BC942}") = "TEMPLATE-CHABLONAJ FUNKZIJ", "TEMPLATE-CHABLONAJ FUNKZIJ\TEMPLATE-CHABLONAJ FUNKZIJ.vcxproj", "{6EE54A0E-BE13-491B-AEBF-D6D0212DED57}"
EndProject
Global
	GlobalSection(SolutionConfigurationPlatforms) = preSolution
		Debug|x64 = Debug|x64
		Debug|x86 = Debug|x86
		Release|x64 = Release|x64
		Release|x86 = Release|x86
	EndGlobalSection
	GlobalSection(ProjectConfigurationPlatforms) = postSolution
		{6EE54A0E-BE13-491B-AEBF-D6D0212DED57}.Debug|x64.ActiveCfg = Debug|x64
		{6EE54A0E-BE13-491B-AEBF-D6D0212DED57}.Debug|x64.Build.0 = Debug|x64
		{6EE54A0E-BE13-491B-AEBF-D6D0212DED57}.Debug|x86.ActiveCfg = Debug|Win32
		{6EE54A0E-BE13-491B-AEBF-D6D0212DED57}.Debug|x86.Build.0 = Debug|Win32
		{6EE54A0E-BE13-491B-AEBF-D6D0212DED57}.Release|x64.ActiveCfg = Release|x64
		{6EE54A0E-BE13-491B-AEBF-D6D0212DED57}.Release|x64.Build.0 = Release|x64
		{6EE54A0E-BE13-491B-AEBF-D6D0212DED57}.Release|x86.ActiveCfg = Release|Win32
		{6EE54A0E-BE13-491B-AEBF-D6D0212DED57}.Release|x86.Build.0 = Release|Win32
	EndGlobalSection
	GlobalSection(SolutionProperties) = preSolution
		HideSolutionNode = FALSE
	EndGlobalSection
	GlobalSection(ExtensibilityGlobals) = postSolution
		SolutionGuid = {6EB0CBE2-2449-4D15-9D6E-6790346BA17D}
	EndGlobalSection
EndGlobal
